
Microsoft Visual Studio Solution File, Format Version 12.00
# Visual Studio 15
VisualStudioVersion = 15.0.28010.2026
MinimumVisualStudioVersion = 10.0.40219.1
Project("{FAE04EC0-301F-11D3-BF4B-00C04F79EFBC}") = "opSolver.WEB", "opSolver.WEB\opSolver.WEB.csproj", "{40CEF516-E350-464B-BA83-B2FE8372BDA5}"
EndProject
Project("{FAE04EC0-301F-11D3-BF4B-00C04F79EFBC}") = "opSolver.OPS", "opSolver.OPS\opSolver.OPS.csproj", "{A55B3B28-8F98-4082-91D6-000A01705189}"
EndProject
Project("{FAE04EC0-301F-11D3-BF4B-00C04F79EFBC}") = "opSolver.DAL", "opSolver.DAL\opSolver.DAL.csproj", "{B3C472C4-B43C-4407-B1B6-8BBA64C5592B}"
EndProject
Global
	GlobalSection(SolutionConfigurationPlatforms) = preSolution
		Debug|Any CPU = Debug|Any CPU
		Release|Any CPU = Release|Any CPU
	EndGlobalSection
	GlobalSection(ProjectConfigurationPlatforms) = postSolution
		{40CEF516-E350-464B-BA83-B2FE8372BDA5}.Debug|Any CPU.ActiveCfg = Debug|Any CPU
		{40CEF516-E350-464B-BA83-B2FE8372BDA5}.Debug|Any CPU.Build.0 = Debug|Any CPU
		{40CEF516-E350-464B-BA83-B2FE8372BDA5}.Release|Any CPU.ActiveCfg = Release|Any CPU
		{40CEF516-E350-464B-BA83-B2FE8372BDA5}.Release|Any CPU.Build.0 = Release|Any CPU
		{A55B3B28-8F98-4082-91D6-000A01705189}.Debug|Any CPU.ActiveCfg = Debug|Any CPU
		{A55B3B28-8F98-4082-91D6-000A01705189}.Debug|Any CPU.Build.0 = Debug|Any CPU
		{A55B3B28-8F98-4082-91D6-000A01705189}.Release|Any CPU.ActiveCfg = Release|Any CPU
		{A55B3B28-8F98-4082-91D6-000A01705189}.Release|Any CPU.Build.0 = Release|Any CPU
		{B3C472C4-B43C-4407-B1B6-8BBA64C5592B}.Debug|Any CPU.ActiveCfg = Debug|Any CPU
		{B3C472C4-B43C-4407-B1B6-8BBA64C5592B}.Debug|Any CPU.Build.0 = Debug|Any CPU
		{B3C472C4-B43C-4407-B1B6-8BBA64C5592B}.Release|Any CPU.ActiveCfg = Release|Any CPU
		{B3C472C4-B43C-4407-B1B6-8BBA64C5592B}.Release|Any CPU.Build.0 = Release|Any CPU
	EndGlobalSection
	GlobalSection(SolutionProperties) = preSolution
		HideSolutionNode = FALSE
	EndGlobalSection
	GlobalSection(ExtensibilityGlobals) = postSolution
		SolutionGuid = {F58A5E5B-A284-45B9-B830-92396CFEEA7A}
	EndGlobalSection
EndGlobal
